// !$*UTF8*$!
{
	archiveVersion = 1;
	classes = {
	};
	objectVersion = 55;
	objects = {

/* Begin PBXBuildFile section */
		0453B95C26DD8466B9A7DE61 /* Pods_Movies_and_Series_MVVM_Movies_and_Series_MVVMUITests.framework in Frameworks */ = {isa = PBXBuildFile; fileRef = A989C670EC069C9BD475B45B /* Pods_Movies_and_Series_MVVM_Movies_and_Series_MVVMUITests.framework */; };
		1BB79FCD270D488500859221 /* AppDelegate.swift in Sources */ = {isa = PBXBuildFile; fileRef = 1BB79FCC270D488500859221 /* AppDelegate.swift */; };
		1BB79FCF270D488500859221 /* SceneDelegate.swift in Sources */ = {isa = PBXBuildFile; fileRef = 1BB79FCE270D488500859221 /* SceneDelegate.swift */; };
		1BB79FD1270D488500859221 /* ViewController.swift in Sources */ = {isa = PBXBuildFile; fileRef = 1BB79FD0270D488500859221 /* ViewController.swift */; };
		1BB79FD4270D488500859221 /* Main.storyboard in Resources */ = {isa = PBXBuildFile; fileRef = 1BB79FD2270D488500859221 /* Main.storyboard */; };
		1BB79FD6270D488800859221 /* Assets.xcassets in Resources */ = {isa = PBXBuildFile; fileRef = 1BB79FD5270D488800859221 /* Assets.xcassets */; };
		1BB79FD9270D488800859221 /* LaunchScreen.storyboard in Resources */ = {isa = PBXBuildFile; fileRef = 1BB79FD7270D488800859221 /* LaunchScreen.storyboard */; };
		1BB79FE4270D488800859221 /* Movies_and_Series_MVVMTests.swift in Sources */ = {isa = PBXBuildFile; fileRef = 1BB79FE3270D488800859221 /* Movies_and_Series_MVVMTests.swift */; };
		1BB79FEE270D488800859221 /* Movies_and_Series_MVVMUITests.swift in Sources */ = {isa = PBXBuildFile; fileRef = 1BB79FED270D488800859221 /* Movies_and_Series_MVVMUITests.swift */; };
		1BB79FF0270D488800859221 /* Movies_and_Series_MVVMUITestsLaunchTests.swift in Sources */ = {isa = PBXBuildFile; fileRef = 1BB79FEF270D488800859221 /* Movies_and_Series_MVVMUITestsLaunchTests.swift */; };
		321D06BC294B52E72C31ECD2 /* Pods_Movies_and_Series_MVVM.framework in Frameworks */ = {isa = PBXBuildFile; fileRef = BA1120577F6E2E6A684CF002 /* Pods_Movies_and_Series_MVVM.framework */; };
		844060D55C73B8B07D1FB38C /* Pods_Movies_and_Series_MVVMTests.framework in Frameworks */ = {isa = PBXBuildFile; fileRef = 6FF4EE0872B287A3039E1FB0 /* Pods_Movies_and_Series_MVVMTests.framework */; };
/* End PBXBuildFile section */

/* Begin PBXContainerItemProxy section */
		1BB79FE0270D488800859221 /* PBXContainerItemProxy */ = {
			isa = PBXContainerItemProxy;
			containerPortal = 1BB79FC1270D488500859221 /* Project object */;
			proxyType = 1;
			remoteGlobalIDString = 1BB79FC8270D488500859221;
			remoteInfo = "Movies and Series MVVM";
		};
		1BB79FEA270D488800859221 /* PBXContainerItemProxy */ = {
			isa = PBXContainerItemProxy;
			containerPortal = 1BB79FC1270D488500859221 /* Project object */;
			proxyType = 1;
			remoteGlobalIDString = 1BB79FC8270D488500859221;
			remoteInfo = "Movies and Series MVVM";
		};
/* End PBXContainerItemProxy section */

/* Begin PBXFileReference section */
		1BB79FC9270D488500859221 /* Movies and Series MVVM.app */ = {isa = PBXFileReference; explicitFileType = wrapper.application; includeInIndex = 0; path = "Movies and Series MVVM.app"; sourceTree = BUILT_PRODUCTS_DIR; };
		1BB79FCC270D488500859221 /* AppDelegate.swift */ = {isa = PBXFileReference; lastKnownFileType = sourcecode.swift; path = AppDelegate.swift; sourceTree = "<group>"; };
		1BB79FCE270D488500859221 /* SceneDelegate.swift */ = {isa = PBXFileReference; lastKnownFileType = sourcecode.swift; path = SceneDelegate.swift; sourceTree = "<group>"; };
		1BB79FD0270D488500859221 /* ViewController.swift */ = {isa = PBXFileReference; lastKnownFileType = sourcecode.swift; path = ViewController.swift; sourceTree = "<group>"; };
		1BB79FD3270D488500859221 /* Base */ = {isa = PBXFileReference; lastKnownFileType = file.storyboard; name = Base; path = Base.lproj/Main.storyboard; sourceTree = "<group>"; };
		1BB79FD5270D488800859221 /* Assets.xcassets */ = {isa = PBXFileReference; lastKnownFileType = folder.assetcatalog; path = Assets.xcassets; sourceTree = "<group>"; };
		1BB79FD8270D488800859221 /* Base */ = {isa = PBXFileReference; lastKnownFileType = file.storyboard; name = Base; path = Base.lproj/LaunchScreen.storyboard; sourceTree = "<group>"; };
		1BB79FDA270D488800859221 /* Info.plist */ = {isa = PBXFileReference; lastKnownFileType = text.plist.xml; path = Info.plist; sourceTree = "<group>"; };
		1BB79FDF270D488800859221 /* Movies and Series MVVMTests.xctest */ = {isa = PBXFileReference; explicitFileType = wrapper.cfbundle; includeInIndex = 0; path = "Movies and Series MVVMTests.xctest"; sourceTree = BUILT_PRODUCTS_DIR; };
		1BB79FE3270D488800859221 /* Movies_and_Series_MVVMTests.swift */ = {isa = PBXFileReference; lastKnownFileType = sourcecode.swift; path = Movies_and_Series_MVVMTests.swift; sourceTree = "<group>"; };
		1BB79FE9270D488800859221 /* Movies and Series MVVMUITests.xctest */ = {isa = PBXFileReference; explicitFileType = wrapper.cfbundle; includeInIndex = 0; path = "Movies and Series MVVMUITests.xctest"; sourceTree = BUILT_PRODUCTS_DIR; };
		1BB79FED270D488800859221 /* Movies_and_Series_MVVMUITests.swift */ = {isa = PBXFileReference; lastKnownFileType = sourcecode.swift; path = Movies_and_Series_MVVMUITests.swift; sourceTree = "<group>"; };
		1BB79FEF270D488800859221 /* Movies_and_Series_MVVMUITestsLaunchTests.swift */ = {isa = PBXFileReference; lastKnownFileType = sourcecode.swift; path = Movies_and_Series_MVVMUITestsLaunchTests.swift; sourceTree = "<group>"; };
		5519D0154AC8B4F5C7F38D3F /* Pods-Movies and Series MVVMTests.debug.xcconfig */ = {isa = PBXFileReference; includeInIndex = 1; lastKnownFileType = text.xcconfig; name = "Pods-Movies and Series MVVMTests.debug.xcconfig"; path = "Target Support Files/Pods-Movies and Series MVVMTests/Pods-Movies and Series MVVMTests.debug.xcconfig"; sourceTree = "<group>"; };
		6FF4EE0872B287A3039E1FB0 /* Pods_Movies_and_Series_MVVMTests.framework */ = {isa = PBXFileReference; explicitFileType = wrapper.framework; includeInIndex = 0; path = Pods_Movies_and_Series_MVVMTests.framework; sourceTree = BUILT_PRODUCTS_DIR; };
		9A525A775229853B95E9FF23 /* Pods-Movies and Series MVVM.release.xcconfig */ = {isa = PBXFileReference; includeInIndex = 1; lastKnownFileType = text.xcconfig; name = "Pods-Movies and Series MVVM.release.xcconfig"; path = "Target Support Files/Pods-Movies and Series MVVM/Pods-Movies and Series MVVM.release.xcconfig"; sourceTree = "<group>"; };
		A989C670EC069C9BD475B45B /* Pods_Movies_and_Series_MVVM_Movies_and_Series_MVVMUITests.framework */ = {isa = PBXFileReference; explicitFileType = wrapper.framework; includeInIndex = 0; path = Pods_Movies_and_Series_MVVM_Movies_and_Series_MVVMUITests.framework; sourceTree = BUILT_PRODUCTS_DIR; };
		BA1120577F6E2E6A684CF002 /* Pods_Movies_and_Series_MVVM.framework */ = {isa = PBXFileReference; explicitFileType = wrapper.framework; includeInIndex = 0; path = Pods_Movies_and_Series_MVVM.framework; sourceTree = BUILT_PRODUCTS_DIR; };
		D4B6C3FC593F7039D4418F2E /* Pods-Movies and Series MVVMTests.release.xcconfig */ = {isa = PBXFileReference; includeInIndex = 1; lastKnownFileType = text.xcconfig; name = "Pods-Movies and Series MVVMTests.release.xcconfig"; path = "Target Support Files/Pods-Movies and Series MVVMTests/Pods-Movies and Series MVVMTests.release.xcconfig"; sourceTree = "<group>"; };
		D83F1C9E674517F5A0389AEA /* Pods-Movies and Series MVVM-Movies and Series MVVMUITests.release.xcconfig */ = {isa = PBXFileReference; includeInIndex = 1; lastKnownFileType = text.xcconfig; name = "Pods-Movies and Series MVVM-Movies and Series MVVMUITests.release.xcconfig"; path = "Target Support Files/Pods-Movies and Series MVVM-Movies and Series MVVMUITests/Pods-Movies and Series MVVM-Movies and Series MVVMUITests.release.xcconfig"; sourceTree = "<group>"; };
		D9C7860C444A307C56D866F5 /* Pods-Movies and Series MVVM.debug.xcconfig */ = {isa = PBXFileReference; includeInIndex = 1; lastKnownFileType = text.xcconfig; name = "Pods-Movies and Series MVVM.debug.xcconfig"; path = "Target Support Files/Pods-Movies and Series MVVM/Pods-Movies and Series MVVM.debug.xcconfig"; sourceTree = "<group>"; };
		F0E01E776E1E93F97523313F /* Pods-Movies and Series MVVM-Movies and Series MVVMUITests.debug.xcconfig */ = {isa = PBXFileReference; includeInIndex = 1; lastKnownFileType = text.xcconfig; name = "Pods-Movies and Series MVVM-Movies and Series MVVMUITests.debug.xcconfig"; path = "Target Support Files/Pods-Movies and Series MVVM-Movies and Series MVVMUITests/Pods-Movies and Series MVVM-Movies and Series MVVMUITests.debug.xcconfig"; sourceTree = "<group>"; };
/* End PBXFileReference section */

/* Begin PBXFrameworksBuildPhase section */
		1BB79FC6270D488500859221 /* Frameworks */ = {
			isa = PBXFrameworksBuildPhase;
			buildActionMask = 2147483647;
			files = (
				321D06BC294B52E72C31ECD2 /* Pods_Movies_and_Series_MVVM.framework in Frameworks */,
			);
			runOnlyForDeploymentPostprocessing = 0;
		};
		1BB79FDC270D488800859221 /* Frameworks */ = {
			isa = PBXFrameworksBuildPhase;
			buildActionMask = 2147483647;
			files = (
				844060D55C73B8B07D1FB38C /* Pods_Movies_and_Series_MVVMTests.framework in Frameworks */,
			);
			runOnlyForDeploymentPostprocessing = 0;
		};
		1BB79FE6270D488800859221 /* Frameworks */ = {
			isa = PBXFrameworksBuildPhase;
			buildActionMask = 2147483647;
			files = (
				0453B95C26DD8466B9A7DE61 /* Pods_Movies_and_Series_MVVM_Movies_and_Series_MVVMUITests.framework in Frameworks */,
			);
			runOnlyForDeploymentPostprocessing = 0;
		};
/* End PBXFrameworksBuildPhase section */

/* Begin PBXGroup section */
		1BB79FC0270D488500859221 = {
			isa = PBXGroup;
			children = (
				1BB79FCB270D488500859221 /* Movies and Series MVVM */,
				1BB79FE2270D488800859221 /* Movies and Series MVVMTests */,
				1BB79FEC270D488800859221 /* Movies and Series MVVMUITests */,
				1BB79FCA270D488500859221 /* Products */,
				4C1BBB95BA6CE0C75906E6DB /* Pods */,
				51E0834E51E8319EA52F93CE /* Frameworks */,
			);
			sourceTree = "<group>";
		};
		1BB79FCA270D488500859221 /* Products */ = {
			isa = PBXGroup;
			children = (
				1BB79FC9270D488500859221 /* Movies and Series MVVM.app */,
				1BB79FDF270D488800859221 /* Movies and Series MVVMTests.xctest */,
				1BB79FE9270D488800859221 /* Movies and Series MVVMUITests.xctest */,
			);
			name = Products;
			sourceTree = "<group>";
		};
		1BB79FCB270D488500859221 /* Movies and Series MVVM */ = {
			isa = PBXGroup;
			children = (
				1BB79FCC270D488500859221 /* AppDelegate.swift */,
				1BB79FCE270D488500859221 /* SceneDelegate.swift */,
				1BB79FD0270D488500859221 /* ViewController.swift */,
				1BB79FD2270D488500859221 /* Main.storyboard */,
				1BB79FD5270D488800859221 /* Assets.xcassets */,
				1BB79FD7270D488800859221 /* LaunchScreen.storyboard */,
				1BB79FDA270D488800859221 /* Info.plist */,
			);
			path = "Movies and Series MVVM";
			sourceTree = "<group>";
		};
		1BB79FE2270D488800859221 /* Movies and Series MVVMTests */ = {
			isa = PBXGroup;
			children = (
				1BB79FE3270D488800859221 /* Movies_and_Series_MVVMTests.swift */,
			);
			path = "Movies and Series MVVMTests";
			sourceTree = "<group>";
		};
		1BB79FEC270D488800859221 /* Movies and Series MVVMUITests */ = {
			isa = PBXGroup;
			children = (
				1BB79FED270D488800859221 /* Movies_and_Series_MVVMUITests.swift */,
				1BB79FEF270D488800859221 /* Movies_and_Series_MVVMUITestsLaunchTests.swift */,
			);
			path = "Movies and Series MVVMUITests";
			sourceTree = "<group>";
		};
		4C1BBB95BA6CE0C75906E6DB /* Pods */ = {
			isa = PBXGroup;
			children = (
				D9C7860C444A307C56D866F5 /* Pods-Movies and Series MVVM.debug.xcconfig */,
				9A525A775229853B95E9FF23 /* Pods-Movies and Series MVVM.release.xcconfig */,
				F0E01E776E1E93F97523313F /* Pods-Movies and Series MVVM-Movies and Series MVVMUITests.debug.xcconfig */,
				D83F1C9E674517F5A0389AEA /* Pods-Movies and Series MVVM-Movies and Series MVVMUITests.release.xcconfig */,
				5519D0154AC8B4F5C7F38D3F /* Pods-Movies and Series MVVMTests.debug.xcconfig */,
				D4B6C3FC593F7039D4418F2E /* Pods-Movies and Series MVVMTests.release.xcconfig */,
			);
			path = Pods;
			sourceTree = "<group>";
		};
		51E0834E51E8319EA52F93CE /* Frameworks */ = {
			isa = PBXGroup;
			children = (
				BA1120577F6E2E6A684CF002 /* Pods_Movies_and_Series_MVVM.framework */,
				A989C670EC069C9BD475B45B /* Pods_Movies_and_Series_MVVM_Movies_and_Series_MVVMUITests.framework */,
				6FF4EE0872B287A3039E1FB0 /* Pods_Movies_and_Series_MVVMTests.framework */,
			);
			name = Frameworks;
			sourceTree = "<group>";
		};
/* End PBXGroup section */

/* Begin PBXNativeTarget section */
		1BB79FC8270D488500859221 /* Movies and Series MVVM */ = {
			isa = PBXNativeTarget;
			buildConfigurationList = 1BB79FF3270D488800859221 /* Build configuration list for PBXNativeTarget "Movies and Series MVVM" */;
			buildPhases = (
				9E23658E69C3D72ADF0397E5 /* [CP] Check Pods Manifest.lock */,
				1BB79FC5270D488500859221 /* Sources */,
				1BB79FC6270D488500859221 /* Frameworks */,
				1BB79FC7270D488500859221 /* Resources */,
				EEA5A06A4C805D0E06367955 /* [CP] Embed Pods Frameworks */,
				1BD1631D270D4C0F00C27ED6 /* ShellScript */,
			);
			buildRules = (
			);
			dependencies = (
			);
			name = "Movies and Series MVVM";
			productName = "Movies and Series MVVM";
			productReference = 1BB79FC9270D488500859221 /* Movies and Series MVVM.app */;
			productType = "com.apple.product-type.application";
		};
		1BB79FDE270D488800859221 /* Movies and Series MVVMTests */ = {
			isa = PBXNativeTarget;
			buildConfigurationList = 1BB79FF6270D488800859221 /* Build configuration list for PBXNativeTarget "Movies and Series MVVMTests" */;
			buildPhases = (
				47DBA316ABF2EDF341B59460 /* [CP] Check Pods Manifest.lock */,
				1BB79FDB270D488800859221 /* Sources */,
				1BB79FDC270D488800859221 /* Frameworks */,
				1BB79FDD270D488800859221 /* Resources */,
			);
			buildRules = (
			);
			dependencies = (
				1BB79FE1270D488800859221 /* PBXTargetDependency */,
			);
			name = "Movies and Series MVVMTests";
			productName = "Movies and Series MVVMTests";
			productReference = 1BB79FDF270D488800859221 /* Movies and Series MVVMTests.xctest */;
			productType = "com.apple.product-type.bundle.unit-test";
		};
		1BB79FE8270D488800859221 /* Movies and Series MVVMUITests */ = {
			isa = PBXNativeTarget;
			buildConfigurationList = 1BB79FF9270D488800859221 /* Build configuration list for PBXNativeTarget "Movies and Series MVVMUITests" */;
			buildPhases = (
				B644976A279978855A3C216B /* [CP] Check Pods Manifest.lock */,
				1BB79FE5270D488800859221 /* Sources */,
				1BB79FE6270D488800859221 /* Frameworks */,
				1BB79FE7270D488800859221 /* Resources */,
				80560899F99E434689A4A5B1 /* [CP] Embed Pods Frameworks */,
			);
			buildRules = (
			);
			dependencies = (
				1BB79FEB270D488800859221 /* PBXTargetDependency */,
			);
			name = "Movies and Series MVVMUITests";
			productName = "Movies and Series MVVMUITests";
			productReference = 1BB79FE9270D488800859221 /* Movies and Series MVVMUITests.xctest */;
			productType = "com.apple.product-type.bundle.ui-testing";
		};
/* End PBXNativeTarget section */

/* Begin PBXProject section */
		1BB79FC1270D488500859221 /* Project object */ = {
			isa = PBXProject;
			attributes = {
				BuildIndependentTargetsInParallel = 1;
				LastSwiftUpdateCheck = 1300;
				LastUpgradeCheck = 1300;
				TargetAttributes = {
					1BB79FC8270D488500859221 = {
						CreatedOnToolsVersion = 13.0;
					};
					1BB79FDE270D488800859221 = {
						CreatedOnToolsVersion = 13.0;
						TestTargetID = 1BB79FC8270D488500859221;
					};
					1BB79FE8270D488800859221 = {
						CreatedOnToolsVersion = 13.0;
						TestTargetID = 1BB79FC8270D488500859221;
					};
				};
			};
			buildConfigurationList = 1BB79FC4270D488500859221 /* Build configuration list for PBXProject "Movies and Series MVVM" */;
			compatibilityVersion = "Xcode 13.0";
			developmentRegion = en;
			hasScannedForEncodings = 0;
			knownRegions = (
				en,
				Base,
			);
			mainGroup = 1BB79FC0270D488500859221;
			productRefGroup = 1BB79FCA270D488500859221 /* Products */;
			projectDirPath = "";
			projectRoot = "";
			targets = (
				1BB79FC8270D488500859221 /* Movies and Series MVVM */,
				1BB79FDE270D488800859221 /* Movies and Series MVVMTests */,
				1BB79FE8270D488800859221 /* Movies and Series MVVMUITests */,
			);
		};
/* End PBXProject section */

/* Begin PBXResourcesBuildPhase section */
		1BB79FC7270D488500859221 /* Resources */ = {
			isa = PBXResourcesBuildPhase;
			buildActionMask = 2147483647;
			files = (
				1BB79FD9270D488800859221 /* LaunchScreen.storyboard in Resources */,
				1BB79FD6270D488800859221 /* Assets.xcassets in Resources */,
				1BB79FD4270D488500859221 /* Main.storyboard in Resources */,
			);
			runOnlyForDeploymentPostprocessing = 0;
		};
		1BB79FDD270D488800859221 /* Resources */ = {
			isa = PBXResourcesBuildPhase;
			buildActionMask = 2147483647;
			files = (
			);
			runOnlyForDeploymentPostprocessing = 0;
		};
		1BB79FE7270D488800859221 /* Resources */ = {
			isa = PBXResourcesBuildPhase;
			buildActionMask = 2147483647;
			files = (
			);
			runOnlyForDeploymentPostprocessing = 0;
		};
/* End PBXResourcesBuildPhase section */

/* Begin PBXShellScriptBuildPhase section */
		1BD1631D270D4C0F00C27ED6 /* ShellScript */ = {
			isa = PBXShellScriptBuildPhase;
			buildActionMask = 2147483647;
			files = (
			);
			inputFileListPaths = (
			);
			inputPaths = (
			);
			outputFileListPaths = (
			);
			outputPaths = (
			);
			runOnlyForDeploymentPostprocessing = 0;
			shellPath = /bin/sh;
			shellScript = "if which swiftlint >/dev/null; then\n  swiftlint\nelse\n  echo \"warning: SwiftLint not installed, download from https://github.com/realm/SwiftLint\"\nfi\n";
		};
		47DBA316ABF2EDF341B59460 /* [CP] Check Pods Manifest.lock */ = {
			isa = PBXShellScriptBuildPhase;
			buildActionMask = 2147483647;
			files = (
			);
			inputFileListPaths = (
			);
			inputPaths = (
				"${PODS_PODFILE_DIR_PATH}/Podfile.lock",
				"${PODS_ROOT}/Manifest.lock",
			);
			name = "[CP] Check Pods Manifest.lock";
			outputFileListPaths = (
			);
			outputPaths = (
				"$(DERIVED_FILE_DIR)/Pods-Movies and Series MVVMTests-checkManifestLockResult.txt",
			);
			runOnlyForDeploymentPostprocessing = 0;
			shellPath = /bin/sh;
			shellScript = "diff \"${PODS_PODFILE_DIR_PATH}/Podfile.lock\" \"${PODS_ROOT}/Manifest.lock\" > /dev/null\nif [ $? != 0 ] ; then\n    # print error to STDERR\n    echo \"error: The sandbox is not in sync with the Podfile.lock. Run 'pod install' or update your CocoaPods installation.\" >&2\n    exit 1\nfi\n# This output is used by Xcode 'outputs' to avoid re-running this script phase.\necho \"SUCCESS\" > \"${SCRIPT_OUTPUT_FILE_0}\"\n";
			showEnvVarsInLog = 0;
		};
		80560899F99E434689A4A5B1 /* [CP] Embed Pods Frameworks */ = {
			isa = PBXShellScriptBuildPhase;
			buildActionMask = 2147483647;
			files = (
			);
			inputFileListPaths = (
				"${PODS_ROOT}/Target Support Files/Pods-Movies and Series MVVM-Movies and Series MVVMUITests/Pods-Movies and Series MVVM-Movies and Series MVVMUITests-frameworks-${CONFIGURATION}-input-files.xcfilelist",
			);
			name = "[CP] Embed Pods Frameworks";
			outputFileListPaths = (
				"${PODS_ROOT}/Target Support Files/Pods-Movies and Series MVVM-Movies and Series MVVMUITests/Pods-Movies and Series MVVM-Movies and Series MVVMUITests-frameworks-${CONFIGURATION}-output-files.xcfilelist",
			);
			runOnlyForDeploymentPostprocessing = 0;
			shellPath = /bin/sh;
			shellScript = "\"${PODS_ROOT}/Target Support Files/Pods-Movies and Series MVVM-Movies and Series MVVMUITests/Pods-Movies and Series MVVM-Movies and Series MVVMUITests-frameworks.sh\"\n";
			showEnvVarsInLog = 0;
		};
		9E23658E69C3D72ADF0397E5 /* [CP] Check Pods Manifest.lock */ = {
			isa = PBXShellScriptBuildPhase;
			buildActionMask = 2147483647;
			files = (
			);
			inputFileListPaths = (
			);
			inputPaths = (
				"${PODS_PODFILE_DIR_PATH}/Podfile.lock",
				"${PODS_ROOT}/Manifest.lock",
			);
			name = "[CP] Check Pods Manifest.lock";
			outputFileListPaths = (
			);
			outputPaths = (
				"$(DERIVED_FILE_DIR)/Pods-Movies and Series MVVM-checkManifestLockResult.txt",
			);
			runOnlyForDeploymentPostprocessing = 0;
			shellPath = /bin/sh;
			shellScript = "diff \"${PODS_PODFILE_DIR_PATH}/Podfile.lock\" \"${PODS_ROOT}/Manifest.lock\" > /dev/null\nif [ $? != 0 ] ; then\n    # print error to STDERR\n    echo \"error: The sandbox is not in sync with the Podfile.lock. Run 'pod install' or update your CocoaPods installation.\" >&2\n    exit 1\nfi\n# This output is used by Xcode 'outputs' to avoid re-running this script phase.\necho \"SUCCESS\" > \"${SCRIPT_OUTPUT_FILE_0}\"\n";
			showEnvVarsInLog = 0;
		};
		B644976A279978855A3C216B /* [CP] Check Pods Manifest.lock */ = {
			isa = PBXShellScriptBuildPhase;
			buildActionMask = 2147483647;
			files = (
			);
			inputFileListPaths = (
			);
			inputPaths = (
				"${PODS_PODFILE_DIR_PATH}/Podfile.lock",
				"${PODS_ROOT}/Manifest.lock",
			);
			name = "[CP] Check Pods Manifest.lock";
			outputFileListPaths = (
			);
			outputPaths = (
				"$(DERIVED_FILE_DIR)/Pods-Movies and Series MVVM-Movies and Series MVVMUITests-checkManifestLockResult.txt",
			);
			runOnlyForDeploymentPostprocessing = 0;
			shellPath = /bin/sh;
			shellScript = "diff \"${PODS_PODFILE_DIR_PATH}/Podfile.lock\" \"${PODS_ROOT}/Manifest.lock\" > /dev/null\nif [ $? != 0 ] ; then\n    # print error to STDERR\n    echo \"error: The sandbox is not in sync with the Podfile.lock. Run 'pod install' or update your CocoaPods installation.\" >&2\n    exit 1\nfi\n# This output is used by Xcode 'outputs' to avoid re-running this script phase.\necho \"SUCCESS\" > \"${SCRIPT_OUTPUT_FILE_0}\"\n";
			showEnvVarsInLog = 0;
		};
		EEA5A06A4C805D0E06367955 /* [CP] Embed Pods Frameworks */ = {
			isa = PBXShellScriptBuildPhase;
			buildActionMask = 2147483647;
			files = (
			);
			inputFileListPaths = (
				"${PODS_ROOT}/Target Support Files/Pods-Movies and Series MVVM/Pods-Movies and Series MVVM-frameworks-${CONFIGURATION}-input-files.xcfilelist",
			);
			name = "[CP] Embed Pods Frameworks";
			outputFileListPaths = (
				"${PODS_ROOT}/Target Support Files/Pods-Movies and Series MVVM/Pods-Movies and Series MVVM-frameworks-${CONFIGURATION}-output-files.xcfilelist",
			);
			runOnlyForDeploymentPostprocessing = 0;
			shellPath = /bin/sh;
			shellScript = "\"${PODS_ROOT}/Target Support Files/Pods-Movies and Series MVVM/Pods-Movies and Series MVVM-frameworks.sh\"\n";
			showEnvVarsInLog = 0;
		};
/* End PBXShellScriptBuildPhase section */

/* Begin PBXSourcesBuildPhase section */
		1BB79FC5270D488500859221 /* Sources */ = {
			isa = PBXSourcesBuildPhase;
			buildActionMask = 2147483647;
			files = (
				1BB79FD1270D488500859221 /* ViewController.swift in Sources */,
				1BB79FCD270D488500859221 /* AppDelegate.swift in Sources */,
				1BB79FCF270D488500859221 /* SceneDelegate.swift in Sources */,
			);
			runOnlyForDeploymentPostprocessing = 0;
		};
		1BB79FDB270D488800859221 /* Sources */ = {
			isa = PBXSourcesBuildPhase;
			buildActionMask = 2147483647;
			files = (
				1BB79FE4270D488800859221 /* Movies_and_Series_MVVMTests.swift in Sources */,
			);
			runOnlyForDeploymentPostprocessing = 0;
		};
		1BB79FE5270D488800859221 /* Sources */ = {
			isa = PBXSourcesBuildPhase;
			buildActionMask = 2147483647;
			files = (
				1BB79FF0270D488800859221 /* Movies_and_Series_MVVMUITestsLaunchTests.swift in Sources */,
				1BB79FEE270D488800859221 /* Movies_and_Series_MVVMUITests.swift in Sources */,
			);
			runOnlyForDeploymentPostprocessing = 0;
		};
/* End PBXSourcesBuildPhase section */

/* Begin PBXTargetDependency section */
		1BB79FE1270D488800859221 /* PBXTargetDependency */ = {
			isa = PBXTargetDependency;
			target = 1BB79FC8270D488500859221 /* Movies and Series MVVM */;
			targetProxy = 1BB79FE0270D488800859221 /* PBXContainerItemProxy */;
		};
		1BB79FEB270D488800859221 /* PBXTargetDependency */ = {
			isa = PBXTargetDependency;
			target = 1BB79FC8270D488500859221 /* Movies and Series MVVM */;
			targetProxy = 1BB79FEA270D488800859221 /* PBXContainerItemProxy */;
		};
/* End PBXTargetDependency section */

/* Begin PBXVariantGroup section */
		1BB79FD2270D488500859221 /* Main.storyboard */ = {
			isa = PBXVariantGroup;
			children = (
				1BB79FD3270D488500859221 /* Base */,
			);
			name = Main.storyboard;
			sourceTree = "<group>";
		};
		1BB79FD7270D488800859221 /* LaunchScreen.storyboard */ = {
			isa = PBXVariantGroup;
			children = (
				1BB79FD8270D488800859221 /* Base */,
			);
			name = LaunchScreen.storyboard;
			sourceTree = "<group>";
		};
/* End PBXVariantGroup section */

/* Begin XCBuildConfiguration section */
		1BB79FF1270D488800859221 /* Debug */ = {
			isa = XCBuildConfiguration;
			buildSettings = {
				ALWAYS_SEARCH_USER_PATHS = NO;
				CLANG_ANALYZER_NONNULL = YES;
				CLANG_ANALYZER_NUMBER_OBJECT_CONVERSION = YES_AGGRESSIVE;
				CLANG_CXX_LANGUAGE_STANDARD = "gnu++17";
				CLANG_CXX_LIBRARY = "libc++";
				CLANG_ENABLE_MODULES = YES;
				CLANG_ENABLE_OBJC_ARC = YES;
				CLANG_ENABLE_OBJC_WEAK = YES;
				CLANG_WARN_BLOCK_CAPTURE_AUTORELEASING = YES;
				CLANG_WARN_BOOL_CONVERSION = YES;
				CLANG_WARN_COMMA = YES;
				CLANG_WARN_CONSTANT_CONVERSION = YES;
				CLANG_WARN_DEPRECATED_OBJC_IMPLEMENTATIONS = YES;
				CLANG_WARN_DIRECT_OBJC_ISA_USAGE = YES_ERROR;
				CLANG_WARN_DOCUMENTATION_COMMENTS = YES;
				CLANG_WARN_EMPTY_BODY = YES;
				CLANG_WARN_ENUM_CONVERSION = YES;
				CLANG_WARN_INFINITE_RECURSION = YES;
				CLANG_WARN_INT_CONVERSION = YES;
				CLANG_WARN_NON_LITERAL_NULL_CONVERSION = YES;
				CLANG_WARN_OBJC_IMPLICIT_RETAIN_SELF = YES;
				CLANG_WARN_OBJC_LITERAL_CONVERSION = YES;
				CLANG_WARN_OBJC_ROOT_CLASS = YES_ERROR;
				CLANG_WARN_QUOTED_INCLUDE_IN_FRAMEWORK_HEADER = YES;
				CLANG_WARN_RANGE_LOOP_ANALYSIS = YES;
				CLANG_WARN_STRICT_PROTOTYPES = YES;
				CLANG_WARN_SUSPICIOUS_MOVE = YES;
				CLANG_WARN_UNGUARDED_AVAILABILITY = YES_AGGRESSIVE;
				CLANG_WARN_UNREACHABLE_CODE = YES;
				CLANG_WARN__DUPLICATE_METHOD_MATCH = YES;
				COPY_PHASE_STRIP = NO;
				DEBUG_INFORMATION_FORMAT = dwarf;
				ENABLE_STRICT_OBJC_MSGSEND = YES;
				ENABLE_TESTABILITY = YES;
				GCC_C_LANGUAGE_STANDARD = gnu11;
				GCC_DYNAMIC_NO_PIC = NO;
				GCC_NO_COMMON_BLOCKS = YES;
				GCC_OPTIMIZATION_LEVEL = 0;
				GCC_PREPROCESSOR_DEFINITIONS = (
					"DEBUG=1",
					"$(inherited)",
				);
				GCC_WARN_64_TO_32_BIT_CONVERSION = YES;
				GCC_WARN_ABOUT_RETURN_TYPE = YES_ERROR;
				GCC_WARN_UNDECLARED_SELECTOR = YES;
				GCC_WARN_UNINITIALIZED_AUTOS = YES_AGGRESSIVE;
				GCC_WARN_UNUSED_FUNCTION = YES;
				GCC_WARN_UNUSED_VARIABLE = YES;
				IPHONEOS_DEPLOYMENT_TARGET = 12.0;
				MTL_ENABLE_DEBUG_INFO = INCLUDE_SOURCE;
				MTL_FAST_MATH = YES;
				ONLY_ACTIVE_ARCH = YES;
				SDKROOT = iphoneos;
				SWIFT_ACTIVE_COMPILATION_CONDITIONS = DEBUG;
				SWIFT_OPTIMIZATION_LEVEL = "-Onone";
			};
			name = Debug;
		};
		1BB79FF2270D488800859221 /* Release */ = {
			isa = XCBuildConfiguration;
			buildSettings = {
				ALWAYS_SEARCH_USER_PATHS = NO;
				CLANG_ANALYZER_NONNULL = YES;
				CLANG_ANALYZER_NUMBER_OBJECT_CONVERSION = YES_AGGRESSIVE;
				CLANG_CXX_LANGUAGE_STANDARD = "gnu++17";
				CLANG_CXX_LIBRARY = "libc++";
				CLANG_ENABLE_MODULES = YES;
				CLANG_ENABLE_OBJC_ARC = YES;
				CLANG_ENABLE_OBJC_WEAK = YES;
				CLANG_WARN_BLOCK_CAPTURE_AUTORELEASING = YES;
				CLANG_WARN_BOOL_CONVERSION = YES;
				CLANG_WARN_COMMA = YES;
				CLANG_WARN_CONSTANT_CONVERSION = YES;
				CLANG_WARN_DEPRECATED_OBJC_IMPLEMENTATIONS = YES;
				CLANG_WARN_DIRECT_OBJC_ISA_USAGE = YES_ERROR;
				CLANG_WARN_DOCUMENTATION_COMMENTS = YES;
				CLANG_WARN_EMPTY_BODY = YES;
				CLANG_WARN_ENUM_CONVERSION = YES;
				CLANG_WARN_INFINITE_RECURSION = YES;
				CLANG_WARN_INT_CONVERSION = YES;
				CLANG_WARN_NON_LITERAL_NULL_CONVERSION = YES;
				CLANG_WARN_OBJC_IMPLICIT_RETAIN_SELF = YES;
				CLANG_WARN_OBJC_LITERAL_CONVERSION = YES;
				CLANG_WARN_OBJC_ROOT_CLASS = YES_ERROR;
				CLANG_WARN_QUOTED_INCLUDE_IN_FRAMEWORK_HEADER = YES;
				CLANG_WARN_RANGE_LOOP_ANALYSIS = YES;
				CLANG_WARN_STRICT_PROTOTYPES = YES;
				CLANG_WARN_SUSPICIOUS_MOVE = YES;
				CLANG_WARN_UNGUARDED_AVAILABILITY = YES_AGGRESSIVE;
				CLANG_WARN_UNREACHABLE_CODE = YES;
				CLANG_WARN__DUPLICATE_METHOD_MATCH = YES;
				COPY_PHASE_STRIP = NO;
				DEBUG_INFORMATION_FORMAT = "dwarf-with-dsym";
				ENABLE_NS_ASSERTIONS = NO;
				ENABLE_STRICT_OBJC_MSGSEND = YES;
				GCC_C_LANGUAGE_STANDARD = gnu11;
				GCC_NO_COMMON_BLOCKS = YES;
				GCC_WARN_64_TO_32_BIT_CONVERSION = YES;
				GCC_WARN_ABOUT_RETURN_TYPE = YES_ERROR;
				GCC_WARN_UNDECLARED_SELECTOR = YES;
				GCC_WARN_UNINITIALIZED_AUTOS = YES_AGGRESSIVE;
				GCC_WARN_UNUSED_FUNCTION = YES;
				GCC_WARN_UNUSED_VARIABLE = YES;
				IPHONEOS_DEPLOYMENT_TARGET = 12.0;
				MTL_ENABLE_DEBUG_INFO = NO;
				MTL_FAST_MATH = YES;
				SDKROOT = iphoneos;
				SWIFT_COMPILATION_MODE = wholemodule;
				SWIFT_OPTIMIZATION_LEVEL = "-O";
				VALIDATE_PRODUCT = YES;
			};
			name = Release;
		};
		1BB79FF4270D488800859221 /* Debug */ = {
			isa = XCBuildConfiguration;
			baseConfigurationReference = D9C7860C444A307C56D866F5 /* Pods-Movies and Series MVVM.debug.xcconfig */;
			buildSettings = {
				ASSETCATALOG_COMPILER_APPICON_NAME = AppIcon;
				ASSETCATALOG_COMPILER_GLOBAL_ACCENT_COLOR_NAME = AccentColor;
				CODE_SIGN_STYLE = Automatic;
				CURRENT_PROJECT_VERSION = 1;
				DEVELOPMENT_TEAM = 927YGY67XQ;
				GENERATE_INFOPLIST_FILE = YES;
				INFOPLIST_FILE = "Movies and Series MVVM/Info.plist";
				INFOPLIST_KEY_UIApplicationSupportsIndirectInputEvents = YES;
				INFOPLIST_KEY_UILaunchStoryboardName = LaunchScreen;
				INFOPLIST_KEY_UIMainStoryboardFile = Main;
				INFOPLIST_KEY_UISupportedInterfaceOrientations_iPad = "UIInterfaceOrientationPortrait UIInterfaceOrientationPortraitUpsideDown UIInterfaceOrientationLandscapeLeft UIInterfaceOrientationLandscapeRight";
				INFOPLIST_KEY_UISupportedInterfaceOrientations_iPhone = "UIInterfaceOrientationPortrait UIInterfaceOrientationLandscapeLeft UIInterfaceOrientationLandscapeRight";
				IPHONEOS_DEPLOYMENT_TARGET = 12.0;
				LD_RUNPATH_SEARCH_PATHS = (
					"$(inherited)",
					"@executable_path/Frameworks",
				);
				MARKETING_VERSION = 1.0;
				PRODUCT_BUNDLE_IDENTIFIER = "murmeko.Movies-and-Series-MVVM";
				PRODUCT_NAME = "$(TARGET_NAME)";
				SWIFT_EMIT_LOC_STRINGS = YES;
				SWIFT_VERSION = 5.0;
				TARGETED_DEVICE_FAMILY = 1;
			};
			name = Debug;
		};
		1BB79FF5270D488800859221 /* Release */ = {
			isa = XCBuildConfiguration;
			baseConfigurationReference = 9A525A775229853B95E9FF23 /* Pods-Movies and Series MVVM.release.xcconfig */;
			buildSettings = {
				ASSETCATALOG_COMPILER_APPICON_NAME = AppIcon;
				ASSETCATALOG_COMPILER_GLOBAL_ACCENT_COLOR_NAME = AccentColor;
				CODE_SIGN_STYLE = Automatic;
				CURRENT_PROJECT_VERSION = 1;
				DEVELOPMENT_TEAM = 927YGY67XQ;
				GENERATE_INFOPLIST_FILE = YES;
				INFOPLIST_FILE = "Movies and Series MVVM/Info.plist";
				INFOPLIST_KEY_UIApplicationSupportsIndirectInputEvents = YES;
				INFOPLIST_KEY_UILaunchStoryboardName = LaunchScreen;
				INFOPLIST_KEY_UIMainStoryboardFile = Main;
				INFOPLIST_KEY_UISupportedInterfaceOrientations_iPad = "UIInterfaceOrientationPortrait UIInterfaceOrientationPortraitUpsideDown UIInterfaceOrientationLandscapeLeft UIInterfaceOrientationLandscapeRight";
				INFOPLIST_KEY_UISupportedInterfaceOrientations_iPhone = "UIInterfaceOrientationPortrait UIInterfaceOrientationLandscapeLeft UIInterfaceOrientationLandscapeRight";
				IPHONEOS_DEPLOYMENT_TARGET = 12.0;
				LD_RUNPATH_SEARCH_PATHS = (
					"$(inherited)",
					"@executable_path/Frameworks",
				);
				MARKETING_VERSION = 1.0;
				PRODUCT_BUNDLE_IDENTIFIER = "murmeko.Movies-and-Series-MVVM";
				PRODUCT_NAME = "$(TARGET_NAME)";
				SWIFT_EMIT_LOC_STRINGS = YES;
				SWIFT_VERSION = 5.0;
				TARGETED_DEVICE_FAMILY = 1;
			};
			name = Release;
		};
		1BB79FF7270D488800859221 /* Debug */ = {
			isa = XCBuildConfiguration;
			baseConfigurationReference = 5519D0154AC8B4F5C7F38D3F /* Pods-Movies and Series MVVMTests.debug.xcconfig */;
			buildSettings = {
				ALWAYS_EMBED_SWIFT_STANDARD_LIBRARIES = YES;
				BUNDLE_LOADER = "$(TEST_HOST)";
				CODE_SIGN_STYLE = Automatic;
				CURRENT_PROJECT_VERSION = 1;
				DEVELOPMENT_TEAM = 927YGY67XQ;
				GENERATE_INFOPLIST_FILE = YES;
				IPHONEOS_DEPLOYMENT_TARGET = 15.0;
				LD_RUNPATH_SEARCH_PATHS = (
					"$(inherited)",
					"@executable_path/Frameworks",
					"@loader_path/Frameworks",
				);
				MARKETING_VERSION = 1.0;
				PRODUCT_BUNDLE_IDENTIFIER = "murmeko.Movies-and-Series-MVVMTests";
				PRODUCT_NAME = "$(TARGET_NAME)";
				SWIFT_EMIT_LOC_STRINGS = NO;
				SWIFT_VERSION = 5.0;
				TARGETED_DEVICE_FAMILY = "1,2";
				TEST_HOST = "$(BUILT_PRODUCTS_DIR)/Movies and Series MVVM.app/Movies and Series MVVM";
			};
			name = Debug;
		};
		1BB79FF8270D488800859221 /* Release */ = {
			isa = XCBuildConfiguration;
			baseConfigurationReference = D4B6C3FC593F7039D4418F2E /* Pods-Movies and Series MVVMTests.release.xcconfig */;
			buildSettings = {
				ALWAYS_EMBED_SWIFT_STANDARD_LIBRARIES = YES;
				BUNDLE_LOADER = "$(TEST_HOST)";
				CODE_SIGN_STYLE = Automatic;
				CURRENT_PROJECT_VERSION = 1;
				DEVELOPMENT_TEAM = 927YGY67XQ;
				GENERATE_INFOPLIST_FILE = YES;
				IPHONEOS_DEPLOYMENT_TARGET = 15.0;
				LD_RUNPATH_SEARCH_PATHS = (
					"$(inherited)",
					"@executable_path/Frameworks",
					"@loader_path/Frameworks",
				);
				MARKETING_VERSION = 1.0;
				PRODUCT_BUNDLE_IDENTIFIER = "murmeko.Movies-and-Series-MVVMTests";
				PRODUCT_NAME = "$(TARGET_NAME)";
				SWIFT_EMIT_LOC_STRINGS = NO;
				SWIFT_VERSION = 5.0;
				TARGETED_DEVICE_FAMILY = "1,2";
				TEST_HOST = "$(BUILT_PRODUCTS_DIR)/Movies and Series MVVM.app/Movies and Series MVVM";
			};
			name = Release;
		};
		1BB79FFA270D488800859221 /* Debug */ = {
			isa = XCBuildConfiguration;
			baseConfigurationReference = F0E01E776E1E93F97523313F /* Pods-Movies and Series MVVM-Movies and Series MVVMUITests.debug.xcconfig */;
			buildSettings = {
				ALWAYS_EMBED_SWIFT_STANDARD_LIBRARIES = YES;
				CODE_SIGN_STYLE = Automatic;
				CURRENT_PROJECT_VERSION = 1;
				DEVELOPMENT_TEAM = 927YGY67XQ;
				GENERATE_INFOPLIST_FILE = YES;
				LD_RUNPATH_SEARCH_PATHS = (
					"$(inherited)",
					"@executable_path/Frameworks",
					"@loader_path/Frameworks",
				);
				MARKETING_VERSION = 1.0;
				PRODUCT_BUNDLE_IDENTIFIER = "murmeko.Movies-and-Series-MVVMUITests";
				PRODUCT_NAME = "$(TARGET_NAME)";
				SWIFT_EMIT_LOC_STRINGS = NO;
				SWIFT_VERSION = 5.0;
				TARGETED_DEVICE_FAMILY = "1,2";
				TEST_TARGET_NAME = "Movies and Series MVVM";
			};
			name = Debug;
		};
		1BB79FFB270D488800859221 /* Release */ = {
			isa = XCBuildConfiguration;
			baseConfigurationReference = D83F1C9E674517F5A0389AEA /* Pods-Movies and Series MVVM-Movies and Series MVVMUITests.release.xcconfig */;
			buildSettings = {
				ALWAYS_EMBED_SWIFT_STANDARD_LIBRARIES = YES;
				CODE_SIGN_STYLE = Automatic;
				CURRENT_PROJECT_VERSION = 1;
				DEVELOPMENT_TEAM = 927YGY67XQ;
				GENERATE_INFOPLIST_FILE = YES;
				LD_RUNPATH_SEARCH_PATHS = (
					"$(inherited)",
					"@executable_path/Frameworks",
					"@loader_path/Frameworks",
				);
				MARKETING_VERSION = 1.0;
				PRODUCT_BUNDLE_IDENTIFIER = "murmeko.Movies-and-Series-MVVMUITests";
				PRODUCT_NAME = "$(TARGET_NAME)";
				SWIFT_EMIT_LOC_STRINGS = NO;
				SWIFT_VERSION = 5.0;
				TARGETED_DEVICE_FAMILY = "1,2";
				TEST_TARGET_NAME = "Movies and Series MVVM";
			};
			name = Release;
		};
/* End XCBuildConfiguration section */

/* Begin XCConfigurationList section */
		1BB79FC4270D488500859221 /* Build configuration list for PBXProject "Movies and Series MVVM" */ = {
			isa = XCConfigurationList;
			buildConfigurations = (
				1BB79FF1270D488800859221 /* Debug */,
				1BB79FF2270D488800859221 /* Release */,
			);
			defaultConfigurationIsVisible = 0;
			defaultConfigurationName = Release;
		};
		1BB79FF3270D488800859221 /* Build configuration list for PBXNativeTarget "Movies and Series MVVM" */ = {
			isa = XCConfigurationList;
			buildConfigurations = (
				1BB79FF4270D488800859221 /* Debug */,
				1BB79FF5270D488800859221 /* Release */,
			);
			defaultConfigurationIsVisible = 0;
			defaultConfigurationName = Release;
		};
		1BB79FF6270D488800859221 /* Build configuration list for PBXNativeTarget "Movies and Series MVVMTests" */ = {
			isa = XCConfigurationList;
			buildConfigurations = (
				1BB79FF7270D488800859221 /* Debug */,
				1BB79FF8270D488800859221 /* Release */,
			);
			defaultConfigurationIsVisible = 0;
			defaultConfigurationName = Release;
		};
		1BB79FF9270D488800859221 /* Build configuration list for PBXNativeTarget "Movies and Series MVVMUITests" */ = {
			isa = XCConfigurationList;
			buildConfigurations = (
				1BB79FFA270D488800859221 /* Debug */,
				1BB79FFB270D488800859221 /* Release */,
			);
			defaultConfigurationIsVisible = 0;
			defaultConfigurationName = Release;
		};
/* End XCConfigurationList section */
	};
	rootObject = 1BB79FC1270D488500859221 /* Project object */;
}
